// !$*UTF8*$!
{
	archiveVersion = 1;
	classes = {
	};
	objectVersion = 56;
	objects = {

/* Begin PBXBuildFile section */
		8F89F2952C22E2640082C857 /* Swift_GreenRailApp.swift in Sources */ = {isa = PBXBuildFile; fileRef = 8F89F2942C22E2640082C857 /* Swift_GreenRailApp.swift */; };
		8F89F2972C22E2640082C857 /* ContentView.swift in Sources */ = {isa = PBXBuildFile; fileRef = 8F89F2962C22E2640082C857 /* ContentView.swift */; };
		8F89F2992C22E2660082C857 /* Assets.xcassets in Resources */ = {isa = PBXBuildFile; fileRef = 8F89F2982C22E2660082C857 /* Assets.xcassets */; };
		8F89F29D2C22E2660082C857 /* Preview Assets.xcassets in Resources */ = {isa = PBXBuildFile; fileRef = 8F89F29C2C22E2660082C857 /* Preview Assets.xcassets */; };
		8F89F2A52C22E2A00082C857 /* NavigatorScreen.swift in Sources */ = {isa = PBXBuildFile; fileRef = 8F89F2A42C22E2A00082C857 /* NavigatorScreen.swift */; };
		8F89F2A72C22E9DD0082C857 /* MyAccountScreen.swift in Sources */ = {isa = PBXBuildFile; fileRef = 8F89F2A62C22E9DD0082C857 /* MyAccountScreen.swift */; };
		8F89F2A92C22F8C10082C857 /* MyBookingsScreen.swift in Sources */ = {isa = PBXBuildFile; fileRef = 8F89F2A82C22F8C10082C857 /* MyBookingsScreen.swift */; };
		8F89F2AB2C23434D0082C857 /* HomeScreen.swift in Sources */ = {isa = PBXBuildFile; fileRef = 8F89F2AA2C23434D0082C857 /* HomeScreen.swift */; };
		8F89F2AE2C254AF10082C857 /* AnimatedPills.swift in Sources */ = {isa = PBXBuildFile; fileRef = 8F89F2AD2C254AF10082C857 /* AnimatedPills.swift */; };
/* End PBXBuildFile section */

/* Begin PBXFileReference section */
		8F89F2912C22E2640082C857 /* Swift GreenRail.app */ = {isa = PBXFileReference; explicitFileType = wrapper.application; includeInIndex = 0; path = "Swift GreenRail.app"; sourceTree = BUILT_PRODUCTS_DIR; };
		8F89F2942C22E2640082C857 /* Swift_GreenRailApp.swift */ = {isa = PBXFileReference; lastKnownFileType = sourcecode.swift; path = Swift_GreenRailApp.swift; sourceTree = "<group>"; };
		8F89F2962C22E2640082C857 /* ContentView.swift */ = {isa = PBXFileReference; lastKnownFileType = sourcecode.swift; path = ContentView.swift; sourceTree = "<group>"; };
		8F89F2982C22E2660082C857 /* Assets.xcassets */ = {isa = PBXFileReference; lastKnownFileType = folder.assetcatalog; path = Assets.xcassets; sourceTree = "<group>"; };
		8F89F29A2C22E2660082C857 /* Swift_GreenRail.entitlements */ = {isa = PBXFileReference; lastKnownFileType = text.plist.entitlements; path = Swift_GreenRail.entitlements; sourceTree = "<group>"; };
		8F89F29C2C22E2660082C857 /* Preview Assets.xcassets */ = {isa = PBXFileReference; lastKnownFileType = folder.assetcatalog; path = "Preview Assets.xcassets"; sourceTree = "<group>"; };
		8F89F2A42C22E2A00082C857 /* NavigatorScreen.swift */ = {isa = PBXFileReference; lastKnownFileType = sourcecode.swift; path = NavigatorScreen.swift; sourceTree = "<group>"; };
		8F89F2A62C22E9DD0082C857 /* MyAccountScreen.swift */ = {isa = PBXFileReference; lastKnownFileType = sourcecode.swift; path = MyAccountScreen.swift; sourceTree = "<group>"; };
		8F89F2A82C22F8C10082C857 /* MyBookingsScreen.swift */ = {isa = PBXFileReference; lastKnownFileType = sourcecode.swift; path = MyBookingsScreen.swift; sourceTree = "<group>"; };
		8F89F2AA2C23434D0082C857 /* HomeScreen.swift */ = {isa = PBXFileReference; lastKnownFileType = sourcecode.swift; path = HomeScreen.swift; sourceTree = "<group>"; };
		8F89F2AD2C254AF10082C857 /* AnimatedPills.swift */ = {isa = PBXFileReference; lastKnownFileType = sourcecode.swift; path = AnimatedPills.swift; sourceTree = "<group>"; };
/* End PBXFileReference section */

/* Begin PBXFrameworksBuildPhase section */
		8F89F28E2C22E2640082C857 /* Frameworks */ = {
			isa = PBXFrameworksBuildPhase;
			buildActionMask = 2147483647;
			files = (
			);
			runOnlyForDeploymentPostprocessing = 0;
		};
/* End PBXFrameworksBuildPhase section */

/* Begin PBXGroup section */
		8F89F2882C22E2640082C857 = {
			isa = PBXGroup;
			children = (
				8F89F2932C22E2640082C857 /* Swift GreenRail */,
				8F89F2922C22E2640082C857 /* Products */,
			);
			sourceTree = "<group>";
		};
		8F89F2922C22E2640082C857 /* Products */ = {
			isa = PBXGroup;
			children = (
				8F89F2912C22E2640082C857 /* Swift GreenRail.app */,
			);
			name = Products;
			sourceTree = "<group>";
		};
		8F89F2932C22E2640082C857 /* Swift GreenRail */ = {
			isa = PBXGroup;
			children = (
				8F89F2AC2C254AD50082C857 /* Components */,
				8F89F2A32C22E2850082C857 /* UI */,
				8F89F2942C22E2640082C857 /* Swift_GreenRailApp.swift */,
				8F89F2962C22E2640082C857 /* ContentView.swift */,
				8F89F2982C22E2660082C857 /* Assets.xcassets */,
				8F89F29A2C22E2660082C857 /* Swift_GreenRail.entitlements */,
				8F89F29B2C22E2660082C857 /* Preview Content */,
			);
			path = "Swift GreenRail";
			sourceTree = "<group>";
		};
		8F89F29B2C22E2660082C857 /* Preview Content */ = {
			isa = PBXGroup;
			children = (
				8F89F29C2C22E2660082C857 /* Preview Assets.xcassets */,
			);
			path = "Preview Content";
			sourceTree = "<group>";
		};
		8F89F2A32C22E2850082C857 /* UI */ = {
			isa = PBXGroup;
			children = (
				8F89F2A42C22E2A00082C857 /* NavigatorScreen.swift */,
				8F89F2A62C22E9DD0082C857 /* MyAccountScreen.swift */,
				8F89F2A82C22F8C10082C857 /* MyBookingsScreen.swift */,
				8F89F2AA2C23434D0082C857 /* HomeScreen.swift */,
			);
			path = UI;
			sourceTree = "<group>";
		};
		8F89F2AC2C254AD50082C857 /* Components */ = {
			isa = PBXGroup;
			children = (
				8F89F2AD2C254AF10082C857 /* AnimatedPills.swift */,
			);
			path = Components;
			sourceTree = "<group>";
		};
/* End PBXGroup section */

/* Begin PBXNativeTarget section */
		8F89F2902C22E2640082C857 /* Swift GreenRail */ = {
			isa = PBXNativeTarget;
			buildConfigurationList = 8F89F2A02C22E2660082C857 /* Build configuration list for PBXNativeTarget "Swift GreenRail" */;
			buildPhases = (
				8F89F28D2C22E2640082C857 /* Sources */,
				8F89F28E2C22E2640082C857 /* Frameworks */,
				8F89F28F2C22E2640082C857 /* Resources */,
			);
			buildRules = (
			);
			dependencies = (
			);
			name = "Swift GreenRail";
			productName = "Swift GreenRail";
			productReference = 8F89F2912C22E2640082C857 /* Swift GreenRail.app */;
			productType = "com.apple.product-type.application";
		};
/* End PBXNativeTarget section */

/* Begin PBXProject section */
		8F89F2892C22E2640082C857 /* Project object */ = {
			isa = PBXProject;
			attributes = {
				BuildIndependentTargetsInParallel = 1;
				LastSwiftUpdateCheck = 1540;
				LastUpgradeCheck = 1540;
				TargetAttributes = {
					8F89F2902C22E2640082C857 = {
						CreatedOnToolsVersion = 15.4;
					};
				};
			};
			buildConfigurationList = 8F89F28C2C22E2640082C857 /* Build configuration list for PBXProject "Swift GreenRail" */;
			compatibilityVersion = "Xcode 14.0";
			developmentRegion = en;
			hasScannedForEncodings = 0;
			knownRegions = (
				en,
				Base,
			);
			mainGroup = 8F89F2882C22E2640082C857;
			productRefGroup = 8F89F2922C22E2640082C857 /* Products */;
			projectDirPath = "";
			projectRoot = "";
			targets = (
				8F89F2902C22E2640082C857 /* Swift GreenRail */,
			);
		};
/* End PBXProject section */

/* Begin PBXResourcesBuildPhase section */
		8F89F28F2C22E2640082C857 /* Resources */ = {
			isa = PBXResourcesBuildPhase;
			buildActionMask = 2147483647;
			files = (
				8F89F29D2C22E2660082C857 /* Preview Assets.xcassets in Resources */,
				8F89F2992C22E2660082C857 /* Assets.xcassets in Resources */,
			);
			runOnlyForDeploymentPostprocessing = 0;
		};
/* End PBXResourcesBuildPhase section */

/* Begin PBXSourcesBuildPhase section */
		8F89F28D2C22E2640082C857 /* Sources */ = {
			isa = PBXSourcesBuildPhase;
			buildActionMask = 2147483647;
			files = (
				8F89F2AE2C254AF10082C857 /* AnimatedPills.swift in Sources */,
				8F89F2A92C22F8C10082C857 /* MyBookingsScreen.swift in Sources */,
				8F89F2972C22E2640082C857 /* ContentView.swift in Sources */,
				8F89F2AB2C23434D0082C857 /* HomeScreen.swift in Sources */,
				8F89F2A52C22E2A00082C857 /* NavigatorScreen.swift in Sources */,
				8F89F2952C22E2640082C857 /* Swift_GreenRailApp.swift in Sources */,
				8F89F2A72C22E9DD0082C857 /* MyAccountScreen.swift in Sources */,
			);
			runOnlyForDeploymentPostprocessing = 0;
		};
/* End PBXSourcesBuildPhase section */

/* Begin XCBuildConfiguration section */
		8F89F29E2C22E2660082C857 /* Debug */ = {
			isa = XCBuildConfiguration;
			buildSettings = {
				ALWAYS_SEARCH_USER_PATHS = NO;
				ASSETCATALOG_COMPILER_GENERATE_SWIFT_ASSET_SYMBOL_EXTENSIONS = YES;
				CLANG_ANALYZER_NONNULL = YES;
				CLANG_ANALYZER_NUMBER_OBJECT_CONVERSION = YES_AGGRESSIVE;
				CLANG_CXX_LANGUAGE_STANDARD = "gnu++20";
				CLANG_ENABLE_MODULES = YES;
				CLANG_ENABLE_OBJC_ARC = YES;
				CLANG_ENABLE_OBJC_WEAK = YES;
				CLANG_WARN_BLOCK_CAPTURE_AUTORELEASING = YES;
				CLANG_WARN_BOOL_CONVERSION = YES;
				CLANG_WARN_COMMA = YES;
				CLANG_WARN_CONSTANT_CONVERSION = YES;
				CLANG_WARN_DEPRECATED_OBJC_IMPLEMENTATIONS = YES;
				CLANG_WARN_DIRECT_OBJC_ISA_USAGE = YES_ERROR;
				CLANG_WARN_DOCUMENTATION_COMMENTS = YES;
				CLANG_WARN_EMPTY_BODY = YES;
				CLANG_WARN_ENUM_CONVERSION = YES;
				CLANG_WARN_INFINITE_RECURSION = YES;
				CLANG_WARN_INT_CONVERSION = YES;
				CLANG_WARN_NON_LITERAL_NULL_CONVERSION = YES;
				CLANG_WARN_OBJC_IMPLICIT_RETAIN_SELF = YES;
				CLANG_WARN_OBJC_LITERAL_CONVERSION = YES;
				CLANG_WARN_OBJC_ROOT_CLASS = YES_ERROR;
				CLANG_WARN_QUOTED_INCLUDE_IN_FRAMEWORK_HEADER = YES;
				CLANG_WARN_RANGE_LOOP_ANALYSIS = YES;
				CLANG_WARN_STRICT_PROTOTYPES = YES;
				CLANG_WARN_SUSPICIOUS_MOVE = YES;
				CLANG_WARN_UNGUARDED_AVAILABILITY = YES_AGGRESSIVE;
				CLANG_WARN_UNREACHABLE_CODE = YES;
				CLANG_WARN__DUPLICATE_METHOD_MATCH = YES;
				COPY_PHASE_STRIP = NO;
				DEBUG_INFORMATION_FORMAT = dwarf;
				ENABLE_STRICT_OBJC_MSGSEND = YES;
				ENABLE_TESTABILITY = YES;
				ENABLE_USER_SCRIPT_SANDBOXING = YES;
				GCC_C_LANGUAGE_STANDARD = gnu17;
				GCC_DYNAMIC_NO_PIC = NO;
				GCC_NO_COMMON_BLOCKS = YES;
				GCC_OPTIMIZATION_LEVEL = 0;
				GCC_PREPROCESSOR_DEFINITIONS = (
					"DEBUG=1",
					"$(inherited)",
				);
				GCC_WARN_64_TO_32_BIT_CONVERSION = YES;
				GCC_WARN_ABOUT_RETURN_TYPE = YES_ERROR;
				GCC_WARN_UNDECLARED_SELECTOR = YES;
				GCC_WARN_UNINITIALIZED_AUTOS = YES_AGGRESSIVE;
				GCC_WARN_UNUSED_FUNCTION = YES;
				GCC_WARN_UNUSED_VARIABLE = YES;
				LOCALIZATION_PREFERS_STRING_CATALOGS = YES;
				MTL_ENABLE_DEBUG_INFO = INCLUDE_SOURCE;
				MTL_FAST_MATH = YES;
				ONLY_ACTIVE_ARCH = YES;
				SWIFT_ACTIVE_COMPILATION_CONDITIONS = "DEBUG $(inherited)";
				SWIFT_OPTIMIZATION_LEVEL = "-Onone";
			};
			name = Debug;
		};
		8F89F29F2C22E2660082C857 /* Release */ = {
			isa = XCBuildConfiguration;
			buildSettings = {
				ALWAYS_SEARCH_USER_PATHS = NO;
				ASSETCATALOG_COMPILER_GENERATE_SWIFT_ASSET_SYMBOL_EXTENSIONS = YES;
				CLANG_ANALYZER_NONNULL = YES;
				CLANG_ANALYZER_NUMBER_OBJECT_CONVERSION = YES_AGGRESSIVE;
				CLANG_CXX_LANGUAGE_STANDARD = "gnu++20";
				CLANG_ENABLE_MODULES = YES;
				CLANG_ENABLE_OBJC_ARC = YES;
				CLANG_ENABLE_OBJC_WEAK = YES;
				CLANG_WARN_BLOCK_CAPTURE_AUTORELEASING = YES;
				CLANG_WARN_BOOL_CONVERSION = YES;
				CLANG_WARN_COMMA = YES;
				CLANG_WARN_CONSTANT_CONVERSION = YES;
				CLANG_WARN_DEPRECATED_OBJC_IMPLEMENTATIONS = YES;
				CLANG_WARN_DIRECT_OBJC_ISA_USAGE = YES_ERROR;
				CLANG_WARN_DOCUMENTATION_COMMENTS = YES;
				CLANG_WARN_EMPTY_BODY = YES;
				CLANG_WARN_ENUM_CONVERSION = YES;
				CLANG_WARN_INFINITE_RECURSION = YES;
				CLANG_WARN_INT_CONVERSION = YES;
				CLANG_WARN_NON_LITERAL_NULL_CONVERSION = YES;
				CLANG_WARN_OBJC_IMPLICIT_RETAIN_SELF = YES;
				CLANG_WARN_OBJC_LITERAL_CONVERSION = YES;
				CLANG_WARN_OBJC_ROOT_CLASS = YES_ERROR;
				CLANG_WARN_QUOTED_INCLUDE_IN_FRAMEWORK_HEADER = YES;
				CLANG_WARN_RANGE_LOOP_ANALYSIS = YES;
				CLANG_WARN_STRICT_PROTOTYPES = YES;
				CLANG_WARN_SUSPICIOUS_MOVE = YES;
				CLANG_WARN_UNGUARDED_AVAILABILITY = YES_AGGRESSIVE;
				CLANG_WARN_UNREACHABLE_CODE = YES;
				CLANG_WARN__DUPLICATE_METHOD_MATCH = YES;
				COPY_PHASE_STRIP = NO;
				DEBUG_INFORMATION_FORMAT = "dwarf-with-dsym";
				ENABLE_NS_ASSERTIONS = NO;
				ENABLE_STRICT_OBJC_MSGSEND = YES;
				ENABLE_USER_SCRIPT_SANDBOXING = YES;
				GCC_C_LANGUAGE_STANDARD = gnu17;
				GCC_NO_COMMON_BLOCKS = YES;
				GCC_WARN_64_TO_32_BIT_CONVERSION = YES;
				GCC_WARN_ABOUT_RETURN_TYPE = YES_ERROR;
				GCC_WARN_UNDECLARED_SELECTOR = YES;
				GCC_WARN_UNINITIALIZED_AUTOS = YES_AGGRESSIVE;
				GCC_WARN_UNUSED_FUNCTION = YES;
				GCC_WARN_UNUSED_VARIABLE = YES;
				LOCALIZATION_PREFERS_STRING_CATALOGS = YES;
				MTL_ENABLE_DEBUG_INFO = NO;
				MTL_FAST_MATH = YES;
				SWIFT_COMPILATION_MODE = wholemodule;
			};
			name = Release;
		};
		8F89F2A12C22E2660082C857 /* Debug */ = {
			isa = XCBuildConfiguration;
			buildSettings = {
				ASSETCATALOG_COMPILER_APPICON_NAME = AppIcon;
				ASSETCATALOG_COMPILER_GLOBAL_ACCENT_COLOR_NAME = AccentColor;
				CODE_SIGN_ENTITLEMENTS = "Swift GreenRail/Swift_GreenRail.entitlements";
				CODE_SIGN_STYLE = Automatic;
				CURRENT_PROJECT_VERSION = 1;
				DEVELOPMENT_ASSET_PATHS = "\"Swift GreenRail/Preview Content\"";
				ENABLE_PREVIEWS = YES;
				GENERATE_INFOPLIST_FILE = YES;
				"INFOPLIST_KEY_UIApplicationSceneManifest_Generation[sdk=iphoneos*]" = YES;
				"INFOPLIST_KEY_UIApplicationSceneManifest_Generation[sdk=iphonesimulator*]" = YES;
				"INFOPLIST_KEY_UIApplicationSupportsIndirectInputEvents[sdk=iphoneos*]" = YES;
				"INFOPLIST_KEY_UIApplicationSupportsIndirectInputEvents[sdk=iphonesimulator*]" = YES;
				"INFOPLIST_KEY_UILaunchScreen_Generation[sdk=iphoneos*]" = YES;
				"INFOPLIST_KEY_UILaunchScreen_Generation[sdk=iphonesimulator*]" = YES;
				"INFOPLIST_KEY_UIStatusBarStyle[sdk=iphoneos*]" = UIStatusBarStyleDefault;
				"INFOPLIST_KEY_UIStatusBarStyle[sdk=iphonesimulator*]" = UIStatusBarStyleDefault;
				INFOPLIST_KEY_UISupportedInterfaceOrientations_iPad = "UIInterfaceOrientationPortrait UIInterfaceOrientationPortraitUpsideDown UIInterfaceOrientationLandscapeLeft UIInterfaceOrientationLandscapeRight";
				INFOPLIST_KEY_UISupportedInterfaceOrientations_iPhone = "UIInterfaceOrientationPortrait UIInterfaceOrientationLandscapeLeft UIInterfaceOrientationLandscapeRight";
				IPHONEOS_DEPLOYMENT_TARGET = 17.5;
				LD_RUNPATH_SEARCH_PATHS = "@executable_path/Frameworks";
				"LD_RUNPATH_SEARCH_PATHS[sdk=macosx*]" = "@executable_path/../Frameworks";
				MACOSX_DEPLOYMENT_TARGET = 14.5;
				MARKETING_VERSION = 1.0;
				PRODUCT_BUNDLE_IDENTIFIER = "com.shinobiksama.Swift-GreenRail";
				PRODUCT_NAME = "$(TARGET_NAME)";
				SDKROOT = auto;
				SUPPORTED_PLATFORMS = "iphoneos iphonesimulator macosx";
				SWIFT_EMIT_LOC_STRINGS = YES;
				SWIFT_VERSION = 5.0;
				TARGETED_DEVICE_FAMILY = "1,2";
			};
			name = Debug;
		};
		8F89F2A22C22E2660082C857 /* Release */ = {
			isa = XCBuildConfiguration;
			buildSettings = {
				ASSETCATALOG_COMPILER_APPICON_NAME = AppIcon;
				ASSETCATALOG_COMPILER_GLOBAL_ACCENT_COLOR_NAME = AccentColor;
				CODE_SIGN_ENTITLEMENTS = "Swift GreenRail/Swift_GreenRail.entitlements";
				CODE_SIGN_STYLE = Automatic;
				CURRENT_PROJECT_VERSION = 1;
				DEVELOPMENT_ASSET_PATHS = "\"Swift GreenRail/Preview Content\"";
				ENABLE_PREVIEWS = YES;
				GENERATE_INFOPLIST_FILE = YES;
				"INFOPLIST_KEY_UIApplicationSceneManifest_Generation[sdk=iphoneos*]" = YES;
				"INFOPLIST_KEY_UIApplicationSceneManifest_Generation[sdk=iphonesimulator*]" = YES;
				"INFOPLIST_KEY_UIApplicationSupportsIndirectInputEvents[sdk=iphoneos*]" = YES;
				"INFOPLIST_KEY_UIApplicationSupportsIndirectInputEvents[sdk=iphonesimulator*]" = YES;
				"INFOPLIST_KEY_UILaunchScreen_Generation[sdk=iphoneos*]" = YES;
				"INFOPLIST_KEY_UILaunchScreen_Generation[sdk=iphonesimulator*]" = YES;
				"INFOPLIST_KEY_UIStatusBarStyle[sdk=iphoneos*]" = UIStatusBarStyleDefault;
				"INFOPLIST_KEY_UIStatusBarStyle[sdk=iphonesimulator*]" = UIStatusBarStyleDefault;
				INFOPLIST_KEY_UISupportedInterfaceOrientations_iPad = "UIInterfaceOrientationPortrait UIInterfaceOrientationPortraitUpsideDown UIInterfaceOrientationLandscapeLeft UIInterfaceOrientationLandscapeRight";
				INFOPLIST_KEY_UISupportedInterfaceOrientations_iPhone = "UIInterfaceOrientationPortrait UIInterfaceOrientationLandscapeLeft UIInterfaceOrientationLandscapeRight";
				IPHONEOS_DEPLOYMENT_TARGET = 17.5;
				LD_RUNPATH_SEARCH_PATHS = "@executable_path/Frameworks";
				"LD_RUNPATH_SEARCH_PATHS[sdk=macosx*]" = "@executable_path/../Frameworks";
				MACOSX_DEPLOYMENT_TARGET = 14.5;
				MARKETING_VERSION = 1.0;
				PRODUCT_BUNDLE_IDENTIFIER = "com.shinobiksama.Swift-GreenRail";
				PRODUCT_NAME = "$(TARGET_NAME)";
				SDKROOT = auto;
				SUPPORTED_PLATFORMS = "iphoneos iphonesimulator macosx";
				SWIFT_EMIT_LOC_STRINGS = YES;
				SWIFT_VERSION = 5.0;
				TARGETED_DEVICE_FAMILY = "1,2";
			};
			name = Release;
		};
/* End XCBuildConfiguration section */

/* Begin XCConfigurationList section */
		8F89F28C2C22E2640082C857 /* Build configuration list for PBXProject "Swift GreenRail" */ = {
			isa = XCConfigurationList;
			buildConfigurations = (
				8F89F29E2C22E2660082C857 /* Debug */,
				8F89F29F2C22E2660082C857 /* Release */,
			);
			defaultConfigurationIsVisible = 0;
			defaultConfigurationName = Release;
		};
		8F89F2A02C22E2660082C857 /* Build configuration list for PBXNativeTarget "Swift GreenRail" */ = {
			isa = XCConfigurationList;
			buildConfigurations = (
				8F89F2A12C22E2660082C857 /* Debug */,
				8F89F2A22C22E2660082C857 /* Release */,
			);
			defaultConfigurationIsVisible = 0;
			defaultConfigurationName = Release;
		};
/* End XCConfigurationList section */
	};
	rootObject = 8F89F2892C22E2640082C857 /* Project object */;
}
